// !$*UTF8*$!
{
	archiveVersion = 1;
	classes = {
	};
	objectVersion = 50;
	objects = {

/* Begin PBXBuildFile section */
		3F149BD2232FCF0100EB8517 /* AppDelegate.swift in Sources */ = {isa = PBXBuildFile; fileRef = 3F149BD1232FCF0100EB8517 /* AppDelegate.swift */; };
		3F149BD7232FCF0100EB8517 /* Main.storyboard in Resources */ = {isa = PBXBuildFile; fileRef = 3F149BD5232FCF0100EB8517 /* Main.storyboard */; };
		3F149BD9232FCF0300EB8517 /* Assets.xcassets in Resources */ = {isa = PBXBuildFile; fileRef = 3F149BD8232FCF0300EB8517 /* Assets.xcassets */; };
		3F149BDC232FCF0300EB8517 /* LaunchScreen.storyboard in Resources */ = {isa = PBXBuildFile; fileRef = 3F149BDA232FCF0300EB8517 /* LaunchScreen.storyboard */; };
		3F149BF2232FD01000EB8517 /* ToDoItemTests.swift in Sources */ = {isa = PBXBuildFile; fileRef = 3F149BF1232FD01000EB8517 /* ToDoItemTests.swift */; };
		3F149BF4232FD09D00EB8517 /* ToDoItem.swift in Sources */ = {isa = PBXBuildFile; fileRef = 3F149BF3232FD09D00EB8517 /* ToDoItem.swift */; };
		3F8147F52330BC1200F998A9 /* LocationTests.swift in Sources */ = {isa = PBXBuildFile; fileRef = 3F8147F42330BC1200F998A9 /* LocationTests.swift */; };
		3F8147F72330C19100F998A9 /* ItemManagerTests.swift in Sources */ = {isa = PBXBuildFile; fileRef = 3F8147F62330C19100F998A9 /* ItemManagerTests.swift */; };
		3F8147F92330C1E000F998A9 /* ItemManager.swift in Sources */ = {isa = PBXBuildFile; fileRef = 3F8147F82330C1E000F998A9 /* ItemManager.swift */; };
		3F83D5AD2330E30E006CB0DF /* ItemListViewController.swift in Sources */ = {isa = PBXBuildFile; fileRef = 3F83D5AC2330E30E006CB0DF /* ItemListViewController.swift */; };
		3F83D5AF2330E36E006CB0DF /* ItemListViewControllerTest.swift in Sources */ = {isa = PBXBuildFile; fileRef = 3F83D5AE2330E36E006CB0DF /* ItemListViewControllerTest.swift */; };
		3F83D5B123321283006CB0DF /* ItemListDataProvider.swift in Sources */ = {isa = PBXBuildFile; fileRef = 3F83D5B023321283006CB0DF /* ItemListDataProvider.swift */; };
		3F83D5B3233226DF006CB0DF /* ItemListDataProviderTests.swift in Sources */ = {isa = PBXBuildFile; fileRef = 3F83D5B2233226DF006CB0DF /* ItemListDataProviderTests.swift */; };
		3FE61127232FDE7F0010635B /* Location.swift in Sources */ = {isa = PBXBuildFile; fileRef = 3FE61126232FDE7F0010635B /* Location.swift */; };
/* End PBXBuildFile section */

/* Begin PBXContainerItemProxy section */
		3F149BE3232FCF0300EB8517 /* PBXContainerItemProxy */ = {
			isa = PBXContainerItemProxy;
			containerPortal = 3F149BC6232FCF0100EB8517 /* Project object */;
			proxyType = 1;
			remoteGlobalIDString = 3F149BCD232FCF0100EB8517;
			remoteInfo = ToDo;
		};
/* End PBXContainerItemProxy section */

/* Begin PBXFileReference section */
		3F149BCE232FCF0100EB8517 /* ToDo.app */ = {isa = PBXFileReference; explicitFileType = wrapper.application; includeInIndex = 0; path = ToDo.app; sourceTree = BUILT_PRODUCTS_DIR; };
		3F149BD1232FCF0100EB8517 /* AppDelegate.swift */ = {isa = PBXFileReference; lastKnownFileType = sourcecode.swift; path = AppDelegate.swift; sourceTree = "<group>"; };
		3F149BD6232FCF0100EB8517 /* Base */ = {isa = PBXFileReference; lastKnownFileType = file.storyboard; name = Base; path = Base.lproj/Main.storyboard; sourceTree = "<group>"; };
		3F149BD8232FCF0300EB8517 /* Assets.xcassets */ = {isa = PBXFileReference; lastKnownFileType = folder.assetcatalog; path = Assets.xcassets; sourceTree = "<group>"; };
		3F149BDB232FCF0300EB8517 /* Base */ = {isa = PBXFileReference; lastKnownFileType = file.storyboard; name = Base; path = Base.lproj/LaunchScreen.storyboard; sourceTree = "<group>"; };
		3F149BDD232FCF0300EB8517 /* Info.plist */ = {isa = PBXFileReference; lastKnownFileType = text.plist.xml; path = Info.plist; sourceTree = "<group>"; };
		3F149BE2232FCF0300EB8517 /* ToDoTests.xctest */ = {isa = PBXFileReference; explicitFileType = wrapper.cfbundle; includeInIndex = 0; path = ToDoTests.xctest; sourceTree = BUILT_PRODUCTS_DIR; };
		3F149BE8232FCF0300EB8517 /* Info.plist */ = {isa = PBXFileReference; lastKnownFileType = text.plist.xml; path = Info.plist; sourceTree = "<group>"; };
		3F149BF1232FD01000EB8517 /* ToDoItemTests.swift */ = {isa = PBXFileReference; lastKnownFileType = sourcecode.swift; path = ToDoItemTests.swift; sourceTree = "<group>"; };
		3F149BF3232FD09D00EB8517 /* ToDoItem.swift */ = {isa = PBXFileReference; lastKnownFileType = sourcecode.swift; path = ToDoItem.swift; sourceTree = "<group>"; };
		3F8147F42330BC1200F998A9 /* LocationTests.swift */ = {isa = PBXFileReference; lastKnownFileType = sourcecode.swift; path = LocationTests.swift; sourceTree = "<group>"; };
		3F8147F62330C19100F998A9 /* ItemManagerTests.swift */ = {isa = PBXFileReference; lastKnownFileType = sourcecode.swift; path = ItemManagerTests.swift; sourceTree = "<group>"; };
		3F8147F82330C1E000F998A9 /* ItemManager.swift */ = {isa = PBXFileReference; lastKnownFileType = sourcecode.swift; path = ItemManager.swift; sourceTree = "<group>"; };
		3F83D5AC2330E30E006CB0DF /* ItemListViewController.swift */ = {isa = PBXFileReference; lastKnownFileType = sourcecode.swift; path = ItemListViewController.swift; sourceTree = "<group>"; };
		3F83D5AE2330E36E006CB0DF /* ItemListViewControllerTest.swift */ = {isa = PBXFileReference; lastKnownFileType = sourcecode.swift; path = ItemListViewControllerTest.swift; sourceTree = "<group>"; };
		3F83D5B023321283006CB0DF /* ItemListDataProvider.swift */ = {isa = PBXFileReference; lastKnownFileType = sourcecode.swift; path = ItemListDataProvider.swift; sourceTree = "<group>"; };
		3F83D5B2233226DF006CB0DF /* ItemListDataProviderTests.swift */ = {isa = PBXFileReference; lastKnownFileType = sourcecode.swift; path = ItemListDataProviderTests.swift; sourceTree = "<group>"; };
		3FE61126232FDE7F0010635B /* Location.swift */ = {isa = PBXFileReference; lastKnownFileType = sourcecode.swift; path = Location.swift; sourceTree = "<group>"; };
/* End PBXFileReference section */

/* Begin PBXFrameworksBuildPhase section */
		3F149BCB232FCF0100EB8517 /* Frameworks */ = {
			isa = PBXFrameworksBuildPhase;
			buildActionMask = 2147483647;
			files = (
			);
			runOnlyForDeploymentPostprocessing = 0;
		};
		3F149BDF232FCF0300EB8517 /* Frameworks */ = {
			isa = PBXFrameworksBuildPhase;
			buildActionMask = 2147483647;
			files = (
			);
			runOnlyForDeploymentPostprocessing = 0;
		};
/* End PBXFrameworksBuildPhase section */

/* Begin PBXGroup section */
		3F149BC5232FCF0100EB8517 = {
			isa = PBXGroup;
			children = (
				3F149BD0232FCF0100EB8517 /* ToDo */,
				3F149BE5232FCF0300EB8517 /* ToDoTests */,
				3F149BCF232FCF0100EB8517 /* Products */,
			);
			sourceTree = "<group>";
		};
		3F149BCF232FCF0100EB8517 /* Products */ = {
			isa = PBXGroup;
			children = (
				3F149BCE232FCF0100EB8517 /* ToDo.app */,
				3F149BE2232FCF0300EB8517 /* ToDoTests.xctest */,
			);
			name = Products;
			sourceTree = "<group>";
		};
		3F149BD0232FCF0100EB8517 /* ToDo */ = {
			isa = PBXGroup;
			children = (
				3F149BD1232FCF0100EB8517 /* AppDelegate.swift */,
				3F149BD5232FCF0100EB8517 /* Main.storyboard */,
				3F149BD8232FCF0300EB8517 /* Assets.xcassets */,
				3F149BDA232FCF0300EB8517 /* LaunchScreen.storyboard */,
				3F149BDD232FCF0300EB8517 /* Info.plist */,
				3F83D5AA2330E273006CB0DF /* Model */,
				3F83D5AC2330E30E006CB0DF /* ItemListViewController.swift */,
				3F83D5B023321283006CB0DF /* ItemListDataProvider.swift */,
			);
			path = ToDo;
			sourceTree = "<group>";
		};
		3F149BE5232FCF0300EB8517 /* ToDoTests */ = {
			isa = PBXGroup;
			children = (
				3F149BE8232FCF0300EB8517 /* Info.plist */,
				3F83D5AB2330E295006CB0DF /* Model */,
				3F83D5AE2330E36E006CB0DF /* ItemListViewControllerTest.swift */,
				3F83D5B2233226DF006CB0DF /* ItemListDataProviderTests.swift */,
			);
			path = ToDoTests;
			sourceTree = "<group>";
		};
		3F83D5AA2330E273006CB0DF /* Model */ = {
			isa = PBXGroup;
			children = (
				3F149BF3232FD09D00EB8517 /* ToDoItem.swift */,
				3FE61126232FDE7F0010635B /* Location.swift */,
				3F8147F82330C1E000F998A9 /* ItemManager.swift */,
			);
			path = Model;
			sourceTree = "<group>";
		};
		3F83D5AB2330E295006CB0DF /* Model */ = {
			isa = PBXGroup;
			children = (
				3F149BF1232FD01000EB8517 /* ToDoItemTests.swift */,
				3F8147F42330BC1200F998A9 /* LocationTests.swift */,
				3F8147F62330C19100F998A9 /* ItemManagerTests.swift */,
			);
			path = Model;
			sourceTree = "<group>";
		};
/* End PBXGroup section */

/* Begin PBXNativeTarget section */
		3F149BCD232FCF0100EB8517 /* ToDo */ = {
			isa = PBXNativeTarget;
			buildConfigurationList = 3F149BEB232FCF0300EB8517 /* Build configuration list for PBXNativeTarget "ToDo" */;
			buildPhases = (
				3F149BCA232FCF0100EB8517 /* Sources */,
				3F149BCB232FCF0100EB8517 /* Frameworks */,
				3F149BCC232FCF0100EB8517 /* Resources */,
			);
			buildRules = (
			);
			dependencies = (
			);
			name = ToDo;
			productName = ToDo;
			productReference = 3F149BCE232FCF0100EB8517 /* ToDo.app */;
			productType = "com.apple.product-type.application";
		};
		3F149BE1232FCF0300EB8517 /* ToDoTests */ = {
			isa = PBXNativeTarget;
			buildConfigurationList = 3F149BEE232FCF0300EB8517 /* Build configuration list for PBXNativeTarget "ToDoTests" */;
			buildPhases = (
				3F149BDE232FCF0300EB8517 /* Sources */,
				3F149BDF232FCF0300EB8517 /* Frameworks */,
				3F149BE0232FCF0300EB8517 /* Resources */,
			);
			buildRules = (
			);
			dependencies = (
				3F149BE4232FCF0300EB8517 /* PBXTargetDependency */,
			);
			name = ToDoTests;
			productName = ToDoTests;
			productReference = 3F149BE2232FCF0300EB8517 /* ToDoTests.xctest */;
			productType = "com.apple.product-type.bundle.unit-test";
		};
/* End PBXNativeTarget section */

/* Begin PBXProject section */
		3F149BC6232FCF0100EB8517 /* Project object */ = {
			isa = PBXProject;
			attributes = {
				LastSwiftUpdateCheck = 1010;
				LastUpgradeCheck = 1010;
				ORGANIZATIONNAME = CoderDream;
				TargetAttributes = {
					3F149BCD232FCF0100EB8517 = {
						CreatedOnToolsVersion = 10.1;
					};
					3F149BE1232FCF0300EB8517 = {
						CreatedOnToolsVersion = 10.1;
						TestTargetID = 3F149BCD232FCF0100EB8517;
					};
				};
			};
			buildConfigurationList = 3F149BC9232FCF0100EB8517 /* Build configuration list for PBXProject "ToDo" */;
			compatibilityVersion = "Xcode 9.3";
			developmentRegion = en;
			hasScannedForEncodings = 0;
			knownRegions = (
				en,
				Base,
			);
			mainGroup = 3F149BC5232FCF0100EB8517;
			productRefGroup = 3F149BCF232FCF0100EB8517 /* Products */;
			projectDirPath = "";
			projectRoot = "";
			targets = (
				3F149BCD232FCF0100EB8517 /* ToDo */,
				3F149BE1232FCF0300EB8517 /* ToDoTests */,
			);
		};
/* End PBXProject section */

/* Begin PBXResourcesBuildPhase section */
		3F149BCC232FCF0100EB8517 /* Resources */ = {
			isa = PBXResourcesBuildPhase;
			buildActionMask = 2147483647;
			files = (
				3F149BDC232FCF0300EB8517 /* LaunchScreen.storyboard in Resources */,
				3F149BD9232FCF0300EB8517 /* Assets.xcassets in Resources */,
				3F149BD7232FCF0100EB8517 /* Main.storyboard in Resources */,
			);
			runOnlyForDeploymentPostprocessing = 0;
		};
		3F149BE0232FCF0300EB8517 /* Resources */ = {
			isa = PBXResourcesBuildPhase;
			buildActionMask = 2147483647;
			files = (
			);
			runOnlyForDeploymentPostprocessing = 0;
		};
/* End PBXResourcesBuildPhase section */

/* Begin PBXSourcesBuildPhase section */
		3F149BCA232FCF0100EB8517 /* Sources */ = {
			isa = PBXSourcesBuildPhase;
			buildActionMask = 2147483647;
			files = (
				3F8147F92330C1E000F998A9 /* ItemManager.swift in Sources */,
				3F83D5B123321283006CB0DF /* ItemListDataProvider.swift in Sources */,
				3F149BD2232FCF0100EB8517 /* AppDelegate.swift in Sources */,
				3FE61127232FDE7F0010635B /* Location.swift in Sources */,
				3F149BF4232FD09D00EB8517 /* ToDoItem.swift in Sources */,
				3F83D5AD2330E30E006CB0DF /* ItemListViewController.swift in Sources */,
			);
			runOnlyForDeploymentPostprocessing = 0;
		};
		3F149BDE232FCF0300EB8517 /* Sources */ = {
			isa = PBXSourcesBuildPhase;
			buildActionMask = 2147483647;
			files = (
				3F83D5B3233226DF006CB0DF /* ItemListDataProviderTests.swift in Sources */,
				3F8147F72330C19100F998A9 /* ItemManagerTests.swift in Sources */,
				3F8147F52330BC1200F998A9 /* LocationTests.swift in Sources */,
				3F83D5AF2330E36E006CB0DF /* ItemListViewControllerTest.swift in Sources */,
				3F149BF2232FD01000EB8517 /* ToDoItemTests.swift in Sources */,
			);
			runOnlyForDeploymentPostprocessing = 0;
		};
/* End PBXSourcesBuildPhase section */

/* Begin PBXTargetDependency section */
		3F149BE4232FCF0300EB8517 /* PBXTargetDependency */ = {
			isa = PBXTargetDependency;
			target = 3F149BCD232FCF0100EB8517 /* ToDo */;
			targetProxy = 3F149BE3232FCF0300EB8517 /* PBXContainerItemProxy */;
		};
/* End PBXTargetDependency section */

/* Begin PBXVariantGroup section */
		3F149BD5232FCF0100EB8517 /* Main.storyboard */ = {
			isa = PBXVariantGroup;
			children = (
				3F149BD6232FCF0100EB8517 /* Base */,
			);
			name = Main.storyboard;
			sourceTree = "<group>";
		};
		3F149BDA232FCF0300EB8517 /* LaunchScreen.storyboard */ = {
			isa = PBXVariantGroup;
			children = (
				3F149BDB232FCF0300EB8517 /* Base */,
			);
			name = LaunchScreen.storyboard;
			sourceTree = "<group>";
		};
/* End PBXVariantGroup section */

/* Begin XCBuildConfiguration section */
		3F149BE9232FCF0300EB8517 /* Debug */ = {
			isa = XCBuildConfiguration;
			buildSettings = {
				ALWAYS_SEARCH_USER_PATHS = NO;
				CLANG_ANALYZER_NONNULL = YES;
				CLANG_ANALYZER_NUMBER_OBJECT_CONVERSION = YES_AGGRESSIVE;
				CLANG_CXX_LANGUAGE_STANDARD = "gnu++14";
				CLANG_CXX_LIBRARY = "libc++";
				CLANG_ENABLE_MODULES = YES;
				CLANG_ENABLE_OBJC_ARC = YES;
				CLANG_ENABLE_OBJC_WEAK = YES;
				CLANG_WARN_BLOCK_CAPTURE_AUTORELEASING = YES;
				CLANG_WARN_BOOL_CONVERSION = YES;
				CLANG_WARN_COMMA = YES;
				CLANG_WARN_CONSTANT_CONVERSION = YES;
				CLANG_WARN_DEPRECATED_OBJC_IMPLEMENTATIONS = YES;
				CLANG_WARN_DIRECT_OBJC_ISA_USAGE = YES_ERROR;
				CLANG_WARN_DOCUMENTATION_COMMENTS = YES;
				CLANG_WARN_EMPTY_BODY = YES;
				CLANG_WARN_ENUM_CONVERSION = YES;
				CLANG_WARN_INFINITE_RECURSION = YES;
				CLANG_WARN_INT_CONVERSION = YES;
				CLANG_WARN_NON_LITERAL_NULL_CONVERSION = YES;
				CLANG_WARN_OBJC_IMPLICIT_RETAIN_SELF = YES;
				CLANG_WARN_OBJC_LITERAL_CONVERSION = YES;
				CLANG_WARN_OBJC_ROOT_CLASS = YES_ERROR;
				CLANG_WARN_RANGE_LOOP_ANALYSIS = YES;
				CLANG_WARN_STRICT_PROTOTYPES = YES;
				CLANG_WARN_SUSPICIOUS_MOVE = YES;
				CLANG_WARN_UNGUARDED_AVAILABILITY = YES_AGGRESSIVE;
				CLANG_WARN_UNREACHABLE_CODE = YES;
				CLANG_WARN__DUPLICATE_METHOD_MATCH = YES;
				CODE_SIGN_IDENTITY = "iPhone Developer";
				COPY_PHASE_STRIP = NO;
				DEBUG_INFORMATION_FORMAT = dwarf;
				ENABLE_STRICT_OBJC_MSGSEND = YES;
				ENABLE_TESTABILITY = YES;
				GCC_C_LANGUAGE_STANDARD = gnu11;
				GCC_DYNAMIC_NO_PIC = NO;
				GCC_NO_COMMON_BLOCKS = YES;
				GCC_OPTIMIZATION_LEVEL = 0;
				GCC_PREPROCESSOR_DEFINITIONS = (
					"DEBUG=1",
					"$(inherited)",
				);
				GCC_WARN_64_TO_32_BIT_CONVERSION = YES;
				GCC_WARN_ABOUT_RETURN_TYPE = YES_ERROR;
				GCC_WARN_UNDECLARED_SELECTOR = YES;
				GCC_WARN_UNINITIALIZED_AUTOS = YES_AGGRESSIVE;
				GCC_WARN_UNUSED_FUNCTION = YES;
				GCC_WARN_UNUSED_VARIABLE = YES;
				IPHONEOS_DEPLOYMENT_TARGET = 12.1;
				MTL_ENABLE_DEBUG_INFO = INCLUDE_SOURCE;
				MTL_FAST_MATH = YES;
				ONLY_ACTIVE_ARCH = YES;
				SDKROOT = iphoneos;
				SWIFT_ACTIVE_COMPILATION_CONDITIONS = DEBUG;
				SWIFT_OPTIMIZATION_LEVEL = "-Onone";
			};
			name = Debug;
		};
		3F149BEA232FCF0300EB8517 /* Release */ = {
			isa = XCBuildConfiguration;
			buildSettings = {
				ALWAYS_SEARCH_USER_PATHS = NO;
				CLANG_ANALYZER_NONNULL = YES;
				CLANG_ANALYZER_NUMBER_OBJECT_CONVERSION = YES_AGGRESSIVE;
				CLANG_CXX_LANGUAGE_STANDARD = "gnu++14";
				CLANG_CXX_LIBRARY = "libc++";
				CLANG_ENABLE_MODULES = YES;
				CLANG_ENABLE_OBJC_ARC = YES;
				CLANG_ENABLE_OBJC_WEAK = YES;
				CLANG_WARN_BLOCK_CAPTURE_AUTORELEASING = YES;
				CLANG_WARN_BOOL_CONVERSION = YES;
				CLANG_WARN_COMMA = YES;
				CLANG_WARN_CONSTANT_CONVERSION = YES;
				CLANG_WARN_DEPRECATED_OBJC_IMPLEMENTATIONS = YES;
				CLANG_WARN_DIRECT_OBJC_ISA_USAGE = YES_ERROR;
				CLANG_WARN_DOCUMENTATION_COMMENTS = YES;
				CLANG_WARN_EMPTY_BODY = YES;
				CLANG_WARN_ENUM_CONVERSION = YES;
				CLANG_WARN_INFINITE_RECURSION = YES;
				CLANG_WARN_INT_CONVERSION = YES;
				CLANG_WARN_NON_LITERAL_NULL_CONVERSION = YES;
				CLANG_WARN_OBJC_IMPLICIT_RETAIN_SELF = YES;
				CLANG_WARN_OBJC_LITERAL_CONVERSION = YES;
				CLANG_WARN_OBJC_ROOT_CLASS = YES_ERROR;
				CLANG_WARN_RANGE_LOOP_ANALYSIS = YES;
				CLANG_WARN_STRICT_PROTOTYPES = YES;
				CLANG_WARN_SUSPICIOUS_MOVE = YES;
				CLANG_WARN_UNGUARDED_AVAILABILITY = YES_AGGRESSIVE;
				CLANG_WARN_UNREACHABLE_CODE = YES;
				CLANG_WARN__DUPLICATE_METHOD_MATCH = YES;
				CODE_SIGN_IDENTITY = "iPhone Developer";
				COPY_PHASE_STRIP = NO;
				DEBUG_INFORMATION_FORMAT = "dwarf-with-dsym";
				ENABLE_NS_ASSERTIONS = NO;
				ENABLE_STRICT_OBJC_MSGSEND = YES;
				GCC_C_LANGUAGE_STANDARD = gnu11;
				GCC_NO_COMMON_BLOCKS = YES;
				GCC_WARN_64_TO_32_BIT_CONVERSION = YES;
				GCC_WARN_ABOUT_RETURN_TYPE = YES_ERROR;
				GCC_WARN_UNDECLARED_SELECTOR = YES;
				GCC_WARN_UNINITIALIZED_AUTOS = YES_AGGRESSIVE;
				GCC_WARN_UNUSED_FUNCTION = YES;
				GCC_WARN_UNUSED_VARIABLE = YES;
				IPHONEOS_DEPLOYMENT_TARGET = 12.1;
				MTL_ENABLE_DEBUG_INFO = NO;
				MTL_FAST_MATH = YES;
				SDKROOT = iphoneos;
				SWIFT_COMPILATION_MODE = wholemodule;
				SWIFT_OPTIMIZATION_LEVEL = "-O";
				VALIDATE_PRODUCT = YES;
			};
			name = Release;
		};
		3F149BEC232FCF0300EB8517 /* Debug */ = {
			isa = XCBuildConfiguration;
			buildSettings = {
				ASSETCATALOG_COMPILER_APPICON_NAME = AppIcon;
				CODE_SIGN_STYLE = Automatic;
				DEVELOPMENT_TEAM = 6GP5VW643M;
				INFOPLIST_FILE = ToDo/Info.plist;
				LD_RUNPATH_SEARCH_PATHS = (
					"$(inherited)",
					"@executable_path/Frameworks",
				);
				PRODUCT_BUNDLE_IDENTIFIER = com.coderdream126.UITableView;
				PRODUCT_NAME = "$(TARGET_NAME)";
				SWIFT_VERSION = 4.2;
				TARGETED_DEVICE_FAMILY = "1,2";
			};
			name = Debug;
		};
		3F149BED232FCF0300EB8517 /* Release */ = {
			isa = XCBuildConfiguration;
			buildSettings = {
				ASSETCATALOG_COMPILER_APPICON_NAME = AppIcon;
				CODE_SIGN_STYLE = Automatic;
				DEVELOPMENT_TEAM = 6GP5VW643M;
				INFOPLIST_FILE = ToDo/Info.plist;
				LD_RUNPATH_SEARCH_PATHS = (
					"$(inherited)",
					"@executable_path/Frameworks",
				);
				PRODUCT_BUNDLE_IDENTIFIER = com.coderdream126.UITableView;
				PRODUCT_NAME = "$(TARGET_NAME)";
				SWIFT_VERSION = 4.2;
				TARGETED_DEVICE_FAMILY = "1,2";
			};
			name = Release;
		};
		3F149BEF232FCF0300EB8517 /* Debug */ = {
			isa = XCBuildConfiguration;
			buildSettings = {
				ALWAYS_EMBED_SWIFT_STANDARD_LIBRARIES = YES;
				BUNDLE_LOADER = "$(TEST_HOST)";
				CODE_SIGN_STYLE = Automatic;
				DEVELOPMENT_TEAM = 6GP5VW643M;
				INFOPLIST_FILE = ToDoTests/Info.plist;
				LD_RUNPATH_SEARCH_PATHS = (
					"$(inherited)",
					"@executable_path/Frameworks",
					"@loader_path/Frameworks",
				);
				PRODUCT_BUNDLE_IDENTIFIER = com.coderdream126.ToDoTests;
				PRODUCT_NAME = "$(TARGET_NAME)";
				SWIFT_VERSION = 4.2;
				TARGETED_DEVICE_FAMILY = "1,2";
				TEST_HOST = "$(BUILT_PRODUCTS_DIR)/ToDo.app/ToDo";
			};
			name = Debug;
		};
		3F149BF0232FCF0300EB8517 /* Release */ = {
			isa = XCBuildConfiguration;
			buildSettings = {
				ALWAYS_EMBED_SWIFT_STANDARD_LIBRARIES = YES;
				BUNDLE_LOADER = "$(TEST_HOST)";
				CODE_SIGN_STYLE = Automatic;
				DEVELOPMENT_TEAM = 6GP5VW643M;
				INFOPLIST_FILE = ToDoTests/Info.plist;
				LD_RUNPATH_SEARCH_PATHS = (
					"$(inherited)",
					"@executable_path/Frameworks",
					"@loader_path/Frameworks",
				);
				PRODUCT_BUNDLE_IDENTIFIER = com.coderdream126.ToDoTests;
				PRODUCT_NAME = "$(TARGET_NAME)";
				SWIFT_VERSION = 4.2;
				TARGETED_DEVICE_FAMILY = "1,2";
				TEST_HOST = "$(BUILT_PRODUCTS_DIR)/ToDo.app/ToDo";
			};
			name = Release;
		};
/* End XCBuildConfiguration section */

/* Begin XCConfigurationList section */
		3F149BC9232FCF0100EB8517 /* Build configuration list for PBXProject "ToDo" */ = {
			isa = XCConfigurationList;
			buildConfigurations = (
				3F149BE9232FCF0300EB8517 /* Debug */,
				3F149BEA232FCF0300EB8517 /* Release */,
			);
			defaultConfigurationIsVisible = 0;
			defaultConfigurationName = Release;
		};
		3F149BEB232FCF0300EB8517 /* Build configuration list for PBXNativeTarget "ToDo" */ = {
			isa = XCConfigurationList;
			buildConfigurations = (
				3F149BEC232FCF0300EB8517 /* Debug */,
				3F149BED232FCF0300EB8517 /* Release */,
			);
			defaultConfigurationIsVisible = 0;
			defaultConfigurationName = Release;
		};
		3F149BEE232FCF0300EB8517 /* Build configuration list for PBXNativeTarget "ToDoTests" */ = {
			isa = XCConfigurationList;
			buildConfigurations = (
				3F149BEF232FCF0300EB8517 /* Debug */,
				3F149BF0232FCF0300EB8517 /* Release */,
			);
			defaultConfigurationIsVisible = 0;
			defaultConfigurationName = Release;
		};
/* End XCConfigurationList section */
	};
	rootObject = 3F149BC6232FCF0100EB8517 /* Project object */;
}
